
Microsoft Visual Studio Solution File, Format Version 12.00
# Visual Studio Version 16
VisualStudioVersion = 16.0.810.20
MinimumVisualStudioVersion = 10.0.40219.1
Project("{FAE04EC0-301F-11D3-BF4B-00C04F79EFBC}") = "IntexII", "IntexII.csproj", "{8EC4A6AF-C63A-496D-A5BA-12D21EBA4E13}"
EndProject
Global
	GlobalSection(SolutionConfigurationPlatforms) = preSolution
		Debug|Any CPU = Debug|Any CPU
		Release|Any CPU = Release|Any CPU
	EndGlobalSection
	GlobalSection(ProjectConfigurationPlatforms) = postSolution
		{8EC4A6AF-C63A-496D-A5BA-12D21EBA4E13}.Debug|Any CPU.ActiveCfg = Debug|Any CPU
		{8EC4A6AF-C63A-496D-A5BA-12D21EBA4E13}.Debug|Any CPU.Build.0 = Debug|Any CPU
		{8EC4A6AF-C63A-496D-A5BA-12D21EBA4E13}.Release|Any CPU.ActiveCfg = Release|Any CPU
		{8EC4A6AF-C63A-496D-A5BA-12D21EBA4E13}.Release|Any CPU.Build.0 = Release|Any CPU
	EndGlobalSection
	GlobalSection(SolutionProperties) = preSolution
		HideSolutionNode = FALSE
	EndGlobalSection
	GlobalSection(ExtensibilityGlobals) = postSolution
		SolutionGuid = {548236DF-F85A-4342-8571-A5D2BB7F54BF}
	EndGlobalSection
EndGlobal
